{"SurveyEntry":{"SurveyID":"SV_1Tb7iJcCxziouTs","SurveyName":"Cog Study 3","SurveyDescription":null,"SurveyOwnerID":"UR_6Wha1PznpFsavGt","SurveyBrandID":"fox","DivisionID":null,"SurveyLanguage":"EN","SurveyActiveResponseSet":"RS_0dKd21tR2gPmamG","SurveyStatus":"Inactive","SurveyStartDate":"0000-00-00 00:00:00","SurveyExpirationDate":"0000-00-00 00:00:00","SurveyCreationDate":"2022-05-11 10:59:37","CreatorID":"UR_6Wha1PznpFsavGt","LastModified":"2022-05-11 16:38:21","LastAccessed":"0000-00-00 00:00:00","LastActivated":"0000-00-00 00:00:00","Deleted":null},"SurveyElements":[{"SurveyID":"SV_1Tb7iJcCxziouTs","Element":"BL","PrimaryAttribute":"Survey Blocks","SecondaryAttribute":null,"TertiaryAttribute":null,"Payload":[{"Type":"Default","Description":"Default Question Block","ID":"BL_5cNO4EaAf7T8Eiq","BlockElements":[{"Type":"Question","QuestionID":"QID1"}],"Options":{"BlockLocking":"false","RandomizeQuestions":"false","BlockVisibility":"Collapsed"}},{"Type":"Trash","Description":"Trash \/ Unused Questions","ID":"BL_d0za7nFd6Xbvcvs","BlockElements":[{"Type":"Question","QuestionID":"QID2"}]},{"Type":"Standard","SubType":"","Description":"Q1","ID":"BL_0ID5HULypFgMAgm","BlockElements":[{"Type":"Question","QuestionID":"QID3"}],"Options":{"BlockLocking":"false","RandomizeQuestions":"false","BlockVisibility":"Collapsed"}},{"Type":"Standard","SubType":"","Description":"Q2","ID":"BL_3QqtIHVwPQudby6","BlockElements":[{"Type":"Question","QuestionID":"QID4"}],"Options":{"BlockLocking":false,"RandomizeQuestions":"false","BlockVisibility":"Collapsed"}},{"Type":"Standard","SubType":"","Description":"Q3","ID":"BL_6xT8Ki341jfD3XU","BlockElements":[{"Type":"Question","QuestionID":"QID5"}],"Options":{"BlockLocking":false,"RandomizeQuestions":"false","BlockVisibility":"Collapsed"}},{"Type":"Standard","SubType":"","Description":"Q4","ID":"BL_6VblNBhfxDxZeJ0","BlockElements":[{"Type":"Question","QuestionID":"QID6"}],"Options":{"BlockLocking":false,"RandomizeQuestions":"false","BlockVisibility":"Collapsed"}},{"Type":"Standard","SubType":"","Description":"Q5","ID":"BL_0W0zZbMS5euLJeC","BlockElements":[{"Type":"Question","QuestionID":"QID7"}],"Options":{"BlockLocking":false,"RandomizeQuestions":"false","BlockVisibility":"Collapsed"}},{"Type":"Standard","SubType":"","Description":"Q6","ID":"BL_d0DEnwAzEeYsTvE","BlockElements":[{"Type":"Question","QuestionID":"QID8"}],"Options":{"BlockLocking":false,"RandomizeQuestions":"false","BlockVisibility":"Collapsed"}}]},{"SurveyID":"SV_1Tb7iJcCxziouTs","Element":"FL","PrimaryAttribute":"Survey Flow","SecondaryAttribute":null,"TertiaryAttribute":null,"Payload":{"Flow":[{"ID":"BL_5cNO4EaAf7T8Eiq","Type":"Block","FlowID":"FL_2"},{"ID":"BL_0ID5HULypFgMAgm","Type":"Standard","FlowID":"FL_3"},{"ID":"BL_3QqtIHVwPQudby6","Type":"Standard","FlowID":"FL_4"},{"ID":"BL_6xT8Ki341jfD3XU","Type":"Standard","FlowID":"FL_5"},{"ID":"BL_6VblNBhfxDxZeJ0","Type":"Standard","FlowID":"FL_6"},{"ID":"BL_0W0zZbMS5euLJeC","Type":"Standard","FlowID":"FL_7"},{"ID":"BL_d0DEnwAzEeYsTvE","Type":"Standard","FlowID":"FL_8"}],"Properties":{"Count":8},"FlowID":"FL_1","Type":"Root"}},{"SurveyID":"SV_1Tb7iJcCxziouTs","Element":"SO","PrimaryAttribute":"Survey Options","SecondaryAttribute":null,"TertiaryAttribute":null,"Payload":{"BackButton":"false","SaveAndContinue":"true","SurveyProtection":"PublicSurvey","BallotBoxStuffingPrevention":"false","NoIndex":"Yes","SecureResponseFiles":"true","SurveyExpiration":"None","SurveyTermination":"DefaultMessage","Header":"","Footer":"","ProgressBarDisplay":"None","PartialData":"+1 week","ValidationMessage":"","PreviousButton":"","NextButton":"","SurveyTitle":"Qualtrics Survey | Qualtrics Experience Management","SkinLibrary":"fox","SkinType":"MQ","Skin":"skin1","NewScoring":1,"SurveyName":"Cog Study 3"}},{"SurveyID":"SV_1Tb7iJcCxziouTs","Element":"SCO","PrimaryAttribute":"Scoring","SecondaryAttribute":null,"TertiaryAttribute":null,"Payload":{"ScoringCategories":[],"ScoringCategoryGroups":[],"ScoringSummaryCategory":null,"ScoringSummaryAfterQuestions":0,"ScoringSummaryAfterSurvey":0,"DefaultScoringCategory":null,"AutoScoringCategory":null}},{"SurveyID":"SV_1Tb7iJcCxziouTs","Element":"PROJ","PrimaryAttribute":"CORE","SecondaryAttribute":null,"TertiaryAttribute":"1.1.0","Payload":{"ProjectCategory":"CORE","SchemaVersion":"1.1.0"}},{"SurveyID":"SV_1Tb7iJcCxziouTs","Element":"STAT","PrimaryAttribute":"Survey Statistics","SecondaryAttribute":null,"TertiaryAttribute":null,"Payload":{"MobileCompatible":false,"ID":"Survey Statistics"}},{"SurveyID":"SV_1Tb7iJcCxziouTs","Element":"SQ","PrimaryAttribute":"QID2","SecondaryAttribute":"${e:\/\/Field\/Q1} ${e:\/\/Field\/Q2} ${e:\/\/Field\/Q3} ${e:\/\/Field\/Q4} ${e:\/\/Field\/Q5} ${e:\/\/Field\/Q6}","TertiaryAttribute":null,"Payload":{"QuestionText":"${e:\/\/Field\/Q1}<br><br><br>${e:\/\/Field\/Q2}<br><br>${e:\/\/Field\/Q3}<br>${e:\/\/Field\/Q4}<br>${e:\/\/Field\/Q5}<br>${e:\/\/Field\/Q6}<br>","DefaultChoices":false,"DataExportTag":"Q2","QuestionType":"DB","Selector":"TB","Configuration":{"QuestionDescriptionOption":"UseText"},"QuestionDescription":"${e:\/\/Field\/Q1} ${e:\/\/Field\/Q2} ${e:\/\/Field\/Q3} ${e:\/\/Field\/Q4} ${e:\/\/Field\/Q5} ${e:\/\/Field\/Q6}","ChoiceOrder":[],"Validation":{"Settings":{"Type":"None"}},"GradingData":[],"Language":[],"NextChoiceId":4,"NextAnswerId":1,"QuestionID":"QID2"}},{"SurveyID":"SV_1Tb7iJcCxziouTs","Element":"QC","PrimaryAttribute":"Survey Question Count","SecondaryAttribute":"8","TertiaryAttribute":null,"Payload":null},{"SurveyID":"SV_1Tb7iJcCxziouTs","Element":"RS","PrimaryAttribute":"RS_0dKd21tR2gPmamG","SecondaryAttribute":"Default Response Set","TertiaryAttribute":null,"Payload":null},{"SurveyID":"SV_1Tb7iJcCxziouTs","Element":"SQ","PrimaryAttribute":"QID3","SecondaryAttribute":"How happy does this image make you feel?","TertiaryAttribute":null,"Payload":{"QuestionText":"How happy does this image make you feel?","DefaultChoices":false,"DataExportTag":"Q1","QuestionType":"MC","Selector":"SAHR","SubSelector":"TX","Configuration":{"QuestionDescriptionOption":"UseText","Autoscale":{"YScale":{"Name":"happyUnhappy","Type":"likert","Reverse":false}},"LabelPosition":"BELOW"},"QuestionDescription":"How happy does this image make you feel?","Choices":{"1":{"Display":"Extremely unhappy"},"2":{"Display":"Somewhat unhappy"},"3":{"Display":"Neither happy nor unhappy"},"4":{"Display":"Somewhat happy"},"5":{"Display":"Extremely happy"}},"ChoiceOrder":["1","2","3","4","5"],"Validation":{"Settings":{"ForceResponse":"OFF","Type":"None"}},"GradingData":[],"Language":[],"NextChoiceId":6,"NextAnswerId":1,"QuestionID":"QID3","RecodeValues":{"1":"1","2":"2","3":"3","4":"4","5":"5"},"QuestionJS":"Qualtrics.SurveyEngine.addOnload(function()\n{\n\t\/*Place your JavaScript here to run when the page loads*\/\n\n});\n\nQualtrics.SurveyEngine.addOnReady(function()\n{\n\t\/*Place your JavaScript here to run when the page is fully displayed*\/\n\tvar imgURL = Qualtrics.SurveyEngine.getEmbeddedData('Q1');\n\t\n\t\/\/Add the selected image into the question\n\tvar c = this.questionContainer;    \n\tvar img = QBuilder('img',{src:imgURL});     \n\tvar ic = QBuilder('div',{},[img]);    \n\t\/\/changed from appendChild(ic) to prepend(ic)\n\t\/\/$(c).appendChild(ic)\n\t$(c).prepend(ic);\n\n});\n\nQualtrics.SurveyEngine.addOnUnload(function()\n{\n\t\/*Place your JavaScript here to run when the page is unloaded*\/\n\n});","DataVisibility":{"Private":false,"Hidden":false}}},{"SurveyID":"SV_1Tb7iJcCxziouTs","Element":"SQ","PrimaryAttribute":"QID4","SecondaryAttribute":"How happy does this image make you feel?","TertiaryAttribute":null,"Payload":{"QuestionText":"How happy does this image make you feel?","DefaultChoices":false,"QuestionType":"MC","Selector":"SAHR","SubSelector":"TX","Configuration":{"QuestionDescriptionOption":"UseText","Autoscale":{"YScale":{"Name":"happyUnhappy","Type":"likert","Reverse":false}},"LabelPosition":"BELOW"},"QuestionDescription":"How happy does this image make you feel?","Choices":{"1":{"Display":"Extremely unhappy"},"2":{"Display":"Somewhat unhappy"},"3":{"Display":"Neither happy nor unhappy"},"4":{"Display":"Somewhat happy"},"5":{"Display":"Extremely happy"}},"ChoiceOrder":["1","2","3","4","5"],"Validation":{"Settings":{"ForceResponse":"OFF","Type":"None"}},"GradingData":[],"Language":[],"NextChoiceId":6,"NextAnswerId":1,"RecodeValues":{"1":"1","2":"2","3":"3","4":"4","5":"5"},"QuestionJS":"Qualtrics.SurveyEngine.addOnload(function()\n{\n\t\/*Place your JavaScript here to run when the page loads*\/\n\n});\n\nQualtrics.SurveyEngine.addOnReady(function()\n{\n\t\/*Place your JavaScript here to run when the page is fully displayed*\/\n\tvar imgURL = Qualtrics.SurveyEngine.getEmbeddedData('Q2');\n\t\n\t\/\/Add the selected image into the question\n\tvar c = this.questionContainer;    \n\tvar img = QBuilder('img',{src:imgURL});     \n\tvar ic = QBuilder('div',{},[img]);    \n\t\/\/changed from appendChild(ic) to prepend(ic)\n\t\/\/$(c).appendChild(ic)\n\t$(c).prepend(ic);\n\n});\n\nQualtrics.SurveyEngine.addOnUnload(function()\n{\n\t\/*Place your JavaScript here to run when the page is unloaded*\/\n\n});","DataVisibility":{"Private":false,"Hidden":false},"QuestionText_Unsafe":"How happy does this image make you feel?","DataExportTag":"Q4","QuestionID":"QID4"}},{"SurveyID":"SV_1Tb7iJcCxziouTs","Element":"SQ","PrimaryAttribute":"QID5","SecondaryAttribute":"How happy does this image make you feel?","TertiaryAttribute":null,"Payload":{"QuestionText":"How happy does this image make you feel?","DefaultChoices":false,"QuestionType":"MC","Selector":"SAHR","SubSelector":"TX","Configuration":{"QuestionDescriptionOption":"UseText","Autoscale":{"YScale":{"Name":"happyUnhappy","Type":"likert","Reverse":false}},"LabelPosition":"BELOW"},"QuestionDescription":"How happy does this image make you feel?","Choices":{"1":{"Display":"Extremely unhappy"},"2":{"Display":"Somewhat unhappy"},"3":{"Display":"Neither happy nor unhappy"},"4":{"Display":"Somewhat happy"},"5":{"Display":"Extremely happy"}},"ChoiceOrder":["1","2","3","4","5"],"Validation":{"Settings":{"ForceResponse":"OFF","Type":"None"}},"GradingData":[],"Language":[],"NextChoiceId":6,"NextAnswerId":1,"RecodeValues":{"1":"1","2":"2","3":"3","4":"4","5":"5"},"QuestionJS":"Qualtrics.SurveyEngine.addOnload(function()\n{\n\t\/*Place your JavaScript here to run when the page loads*\/\n\n});\n\nQualtrics.SurveyEngine.addOnReady(function()\n{\n\t\/*Place your JavaScript here to run when the page is fully displayed*\/\n\tvar imgURL = Qualtrics.SurveyEngine.getEmbeddedData('Q3');\n\t\n\t\/\/Add the selected image into the question\n\tvar c = this.questionContainer;    \n\tvar img = QBuilder('img',{src:imgURL});     \n\tvar ic = QBuilder('div',{},[img]);    \n\t\/\/changed from appendChild(ic) to prepend(ic)\n\t\/\/$(c).appendChild(ic)\n\t$(c).prepend(ic);\n\n});\n\nQualtrics.SurveyEngine.addOnUnload(function()\n{\n\t\/*Place your JavaScript here to run when the page is unloaded*\/\n\n});","DataVisibility":{"Private":false,"Hidden":false},"QuestionText_Unsafe":"How happy does this image make you feel?","DataExportTag":"Q5","QuestionID":"QID5"}},{"SurveyID":"SV_1Tb7iJcCxziouTs","Element":"SQ","PrimaryAttribute":"QID6","SecondaryAttribute":"How happy does this image make you feel?","TertiaryAttribute":null,"Payload":{"QuestionText":"How happy does this image make you feel?","DefaultChoices":false,"QuestionType":"MC","Selector":"SAHR","SubSelector":"TX","Configuration":{"QuestionDescriptionOption":"UseText","Autoscale":{"YScale":{"Name":"happyUnhappy","Type":"likert","Reverse":false}},"LabelPosition":"BELOW"},"QuestionDescription":"How happy does this image make you feel?","Choices":{"1":{"Display":"Extremely unhappy"},"2":{"Display":"Somewhat unhappy"},"3":{"Display":"Neither happy nor unhappy"},"4":{"Display":"Somewhat happy"},"5":{"Display":"Extremely happy"}},"ChoiceOrder":["1","2","3","4","5"],"Validation":{"Settings":{"ForceResponse":"OFF","Type":"None"}},"GradingData":[],"Language":[],"NextChoiceId":6,"NextAnswerId":1,"RecodeValues":{"1":"1","2":"2","3":"3","4":"4","5":"5"},"QuestionJS":"Qualtrics.SurveyEngine.addOnload(function()\n{\n\t\/*Place your JavaScript here to run when the page loads*\/\n\n});\n\nQualtrics.SurveyEngine.addOnReady(function()\n{\n\t\/*Place your JavaScript here to run when the page is fully displayed*\/\n\tvar imgURL = Qualtrics.SurveyEngine.getEmbeddedData('Q4');\n\t\n\t\/\/Add the selected image into the question\n\tvar c = this.questionContainer;    \n\tvar img = QBuilder('img',{src:imgURL});     \n\tvar ic = QBuilder('div',{},[img]);    \n\t\/\/changed from appendChild(ic) to prepend(ic)\n\t\/\/$(c).appendChild(ic)\n\t$(c).prepend(ic);\n\n});\n\nQualtrics.SurveyEngine.addOnUnload(function()\n{\n\t\/*Place your JavaScript here to run when the page is unloaded*\/\n\n});","DataVisibility":{"Private":false,"Hidden":false},"QuestionText_Unsafe":"How happy does this image make you feel?","DataExportTag":"Q6","QuestionID":"QID6"}},{"SurveyID":"SV_1Tb7iJcCxziouTs","Element":"SQ","PrimaryAttribute":"QID7","SecondaryAttribute":"How happy does this image make you feel?","TertiaryAttribute":null,"Payload":{"QuestionText":"How happy does this image make you feel?","DefaultChoices":false,"QuestionType":"MC","Selector":"SAHR","SubSelector":"TX","Configuration":{"QuestionDescriptionOption":"UseText","Autoscale":{"YScale":{"Name":"happyUnhappy","Type":"likert","Reverse":false}},"LabelPosition":"BELOW"},"QuestionDescription":"How happy does this image make you feel?","Choices":{"1":{"Display":"Extremely unhappy"},"2":{"Display":"Somewhat unhappy"},"3":{"Display":"Neither happy nor unhappy"},"4":{"Display":"Somewhat happy"},"5":{"Display":"Extremely happy"}},"ChoiceOrder":["1","2","3","4","5"],"Validation":{"Settings":{"ForceResponse":"OFF","Type":"None"}},"GradingData":[],"Language":[],"NextChoiceId":6,"NextAnswerId":1,"RecodeValues":{"1":"1","2":"2","3":"3","4":"4","5":"5"},"QuestionJS":"Qualtrics.SurveyEngine.addOnload(function()\n{\n\t\/*Place your JavaScript here to run when the page loads*\/\n\n});\n\nQualtrics.SurveyEngine.addOnReady(function()\n{\n\t\/*Place your JavaScript here to run when the page is fully displayed*\/\n\tvar imgURL = Qualtrics.SurveyEngine.getEmbeddedData('Q5');\n\t\n\t\/\/Add the selected image into the question\n\tvar c = this.questionContainer;    \n\tvar img = QBuilder('img',{src:imgURL});     \n\tvar ic = QBuilder('div',{},[img]);    \n\t\/\/changed from appendChild(ic) to prepend(ic)\n\t\/\/$(c).appendChild(ic)\n\t$(c).prepend(ic);\n\n});\n\nQualtrics.SurveyEngine.addOnUnload(function()\n{\n\t\/*Place your JavaScript here to run when the page is unloaded*\/\n\n});","DataVisibility":{"Private":false,"Hidden":false},"QuestionText_Unsafe":"How happy does this image make you feel?","DataExportTag":"Q7","QuestionID":"QID7"}},{"SurveyID":"SV_1Tb7iJcCxziouTs","Element":"SQ","PrimaryAttribute":"QID8","SecondaryAttribute":"How happy does this image make you feel?","TertiaryAttribute":null,"Payload":{"QuestionText":"How happy does this image make you feel?","DefaultChoices":false,"QuestionType":"MC","Selector":"SAHR","SubSelector":"TX","Configuration":{"QuestionDescriptionOption":"UseText","Autoscale":{"YScale":{"Name":"happyUnhappy","Type":"likert","Reverse":false}},"LabelPosition":"BELOW"},"QuestionDescription":"How happy does this image make you feel?","Choices":{"1":{"Display":"Extremely unhappy"},"2":{"Display":"Somewhat unhappy"},"3":{"Display":"Neither happy nor unhappy"},"4":{"Display":"Somewhat happy"},"5":{"Display":"Extremely happy"}},"ChoiceOrder":["1","2","3","4","5"],"Validation":{"Settings":{"ForceResponse":"OFF","Type":"None"}},"GradingData":[],"Language":[],"NextChoiceId":6,"NextAnswerId":1,"RecodeValues":{"1":"1","2":"2","3":"3","4":"4","5":"5"},"QuestionJS":"Qualtrics.SurveyEngine.addOnload(function()\n{\n\t\/*Place your JavaScript here to run when the page loads*\/\n\n});\n\nQualtrics.SurveyEngine.addOnReady(function()\n{\n\t\/*Place your JavaScript here to run when the page is fully displayed*\/\n\tvar imgURL = Qualtrics.SurveyEngine.getEmbeddedData('Q6');\n\t\n\t\/\/Add the selected image into the question\n\tvar c = this.questionContainer;    \n\tvar img = QBuilder('img',{src:imgURL});     \n\tvar ic = QBuilder('div',{},[img]);    \n\t\/\/changed from appendChild(ic) to prepend(ic)\n\t\/\/$(c).appendChild(ic)\n\t$(c).prepend(ic);\n\n});\n\nQualtrics.SurveyEngine.addOnUnload(function()\n{\n\t\/*Place your JavaScript here to run when the page is unloaded*\/\n\n});","DataVisibility":{"Private":false,"Hidden":false},"QuestionText_Unsafe":"How happy does this image make you feel?","DataExportTag":"Q8","QuestionID":"QID8"}},{"SurveyID":"SV_1Tb7iJcCxziouTs","Element":"SQ","PrimaryAttribute":"QID1","SecondaryAttribute":"INSERT CONSENT FORM HERE","TertiaryAttribute":null,"Payload":{"QuestionText":"INSERT CONSENT FORM HERE","DefaultChoices":false,"DataExportTag":"Q1","QuestionID":"QID1","QuestionType":"DB","Selector":"TB","Configuration":{"QuestionDescriptionOption":"UseText"},"QuestionDescription":"INSERT CONSENT FORM HERE","ChoiceOrder":[],"Validation":{"Settings":{"Type":"None"}},"GradingData":[],"Language":[],"NextChoiceId":4,"NextAnswerId":1,"QuestionJS":"Qualtrics.SurveyEngine.addOnload(function()\n{\n\t\/*Place your JavaScript here to run when the page loads*\/\n\n});\n\nQualtrics.SurveyEngine.addOnReady(function()\n{\n\t\/*Place your JavaScript here to run when the page is fully displayed*\/\n\tvar Seal = \"https:\/\/fox.az1.qualtrics.com\/ControlPanel\/Graphic.php?IM=IM_2bsdli3WqXa1VWZ\";\n\tvar Boy = \"https:\/\/fox.az1.qualtrics.com\/ControlPanel\/Graphic.php?IM=IM_0chvlUK6mk7gbMF \";\n\tvar Img1 = \"https:\/\/fox.az1.qualtrics.com\/ControlPanel\/Graphic.php?IM=IM_0OQ9DhY3JflQB7f\";\n\tvar Img2 = \"https:\/\/fox.az1.qualtrics.com\/ControlPanel\/Graphic.php?IM=IM_d7uintaOMf8ynJj\";\n\tvar Img3 = \"https:\/\/fox.az1.qualtrics.com\/ControlPanel\/Graphic.php?IM=IM_3E0NChremWrBTGl\";\n\tvar Img4 = \"https:\/\/fox.az1.qualtrics.com\/ControlPanel\/Graphic.php?IM=IM_cHDhfmmdyfjwg1n\";\n\t\n\t\/* make arrays of all the URLS. Separate array for the conditions and separate array for the stimuli*\/\n\tvar conditions = [Seal, Boy];\n\tvar images = [Img1,Img2,Img3,Img4];\n\t\n\t\/* function to shuffle arrays*\/\n\tfunction shuffle(array){\n\t\t\tvar currentIndex = array.length;\n\t\t\tvar tempValue, randomIndex;\n\t\t\n\t\t\t\/\/Shuffling algorithm\n\t\t\twhile(currentIndex !== 0){\n\t\t\t\t\/\/ Pick an element\n\t\t\t\trandomIndex = Math.floor(Math.random()*currentIndex);\n\t\t\t\t\/\/Decrement Counter\n\t\t\t\tcurrentIndex -=1;\n\t\t\t\t\/\/Swap Random element with Current Element\n\t\t\t\ttempValue = array[currentIndex];\n\t\t\t\tarray[currentIndex] = array[randomIndex];\n\t\t\t\tarray[randomIndex] = tempValue;\n\t\t\t}\n\t\treturn array;\n\t\t}\n\t\n\t\/*shuffle the arrays*\/\n\tconditions = shuffle(conditions);\n\timages = shuffle(images);\n\t\n\t\/* Set everything into embedded data*\/\n\t\/* First the conditions*\/\n\tQualtrics.SurveyEngine.setEmbeddedData('Q1', conditions[0]);\n\tQualtrics.SurveyEngine.setEmbeddedData('Q4', conditions[1]);\n\t\n\t\/*Now the stimuli*\/\n\tQualtrics.SurveyEngine.setEmbeddedData('Q2', images[0]);\n\tQualtrics.SurveyEngine.setEmbeddedData('Q3', images[1]);\n\tQualtrics.SurveyEngine.setEmbeddedData('Q5', images[2]);\n\tQualtrics.SurveyEngine.setEmbeddedData('Q6', images[3]);\n \n});\n\nQualtrics.SurveyEngine.addOnUnload(function()\n{\n\t\/*Place your JavaScript here to run when the page is unloaded*\/\n\n});","DataVisibility":{"Private":false,"Hidden":false}}}]}