{"SurveyEntry":{"SurveyID":"SV_9RbBbPBpZZdkdUi","SurveyName":"COG Study 2","SurveyDescription":null,"SurveyOwnerID":"UR_6Wha1PznpFsavGt","SurveyBrandID":"fox","DivisionID":null,"SurveyLanguage":"EN","SurveyActiveResponseSet":"RS_cFMFkcNzOnItwzQ","SurveyStatus":"Inactive","SurveyStartDate":"0000-00-00 00:00:00","SurveyExpirationDate":"0000-00-00 00:00:00","SurveyCreationDate":"2022-05-11 09:52:35","CreatorID":"UR_6Wha1PznpFsavGt","LastModified":"2022-05-11 09:52:54","LastAccessed":"0000-00-00 00:00:00","LastActivated":"0000-00-00 00:00:00","Deleted":null},"SurveyElements":[{"SurveyID":"SV_9RbBbPBpZZdkdUi","Element":"BL","PrimaryAttribute":"Survey Blocks","SecondaryAttribute":null,"TertiaryAttribute":null,"Payload":{"0":{"Type":"Default","Description":"Happy animal","ID":"BL_8ii4RaTYyjY3kcC","BlockElements":[{"Type":"Question","QuestionID":"QID1"}],"Options":{"BlockLocking":"false","RandomizeQuestions":"false","BlockVisibility":"Collapsed"}},"1":{"Type":"Trash","Description":"Trash \/ Unused Questions","ID":"BL_5BayZJmT9zeXp5A"},"2":{"Type":"Standard","Description":"Happy Human","ID":"BL_b2FWBq7Y2SQh6PY","BlockElements":[{"Type":"Question","QuestionID":"QID2"}],"Options":{"BlockLocking":false,"RandomizeQuestions":"false","BlockVisibility":"Collapsed"}},"3":{"Type":"Standard","Description":"Img4","ID":"BL_0HcKR8sR5loegfk","BlockElements":[{"Type":"Question","QuestionID":"QID3"}],"Options":{"BlockLocking":false,"RandomizeQuestions":"false","BlockVisibility":"Collapsed"}},"4":{"Type":"Standard","SubType":"","Description":"Hypotheses","ID":"BL_bpSY7aa1uIpCet8","BlockElements":[{"Type":"Question","QuestionID":"QID4"}],"Options":{"BlockLocking":"false","RandomizeQuestions":"false","BlockVisibility":"Collapsed"}},"5":{"Type":"Standard","SubType":"","Description":"Img1","ID":"BL_8AiH9Sjx40TLLJc","BlockElements":[{"Type":"Question","QuestionID":"QID6"}],"Options":{"BlockLocking":"false","RandomizeQuestions":"false","BlockVisibility":"Collapsed"}},"6":{"Type":"Standard","Description":"Img 2","ID":"BL_5aN5Re3BB86phiK","BlockElements":[{"Type":"Question","QuestionID":"QID5"}],"Options":{"BlockLocking":false,"RandomizeQuestions":"false","BlockVisibility":"Collapsed"}},"8":{"Type":"Standard","SubType":"","Description":"Img3","ID":"BL_3WyWUq6dwJptDNA","BlockElements":[{"Type":"Question","QuestionID":"QID7"}],"Options":{"BlockLocking":false,"RandomizeQuestions":"false","BlockVisibility":"Collapsed"}}}},{"SurveyID":"SV_9RbBbPBpZZdkdUi","Element":"FL","PrimaryAttribute":"Survey Flow","SecondaryAttribute":null,"TertiaryAttribute":null,"Payload":{"Type":"Root","FlowID":"FL_1","Flow":[{"Type":"Standard","ID":"BL_bpSY7aa1uIpCet8","FlowID":"FL_5","Autofill":[]},{"Type":"BlockRandomizer","FlowID":"FL_10","SubSet":1,"EvenPresentation":true,"Flow":[{"Type":"Group","FlowID":"FL_11","Description":"Happy Animal","Flow":[{"Type":"Block","ID":"BL_8ii4RaTYyjY3kcC","FlowID":"FL_2","Autofill":[]},{"Type":"EmbeddedData","FlowID":"FL_12","EmbeddedData":[{"Description":"group","Type":"Custom","Field":"group","VariableType":"String","DataVisibility":[],"AnalyzeText":false,"Value":"animal"}]}]},{"Type":"Group","FlowID":"FL_13","Description":"Happy Human","Flow":[{"Type":"Standard","ID":"BL_b2FWBq7Y2SQh6PY","FlowID":"FL_3","Autofill":[]},{"Type":"EmbeddedData","FlowID":"FL_14","EmbeddedData":[{"Description":"group","Type":"Custom","Field":"group","VariableType":"String","DataVisibility":[],"AnalyzeText":false,"Value":"human"}]}]}]},{"Type":"BlockRandomizer","FlowID":"FL_15","SubSet":4,"EvenPresentation":false,"Flow":[{"Type":"Standard","ID":"BL_0HcKR8sR5loegfk","FlowID":"FL_4","Autofill":[]},{"Type":"Standard","ID":"BL_5aN5Re3BB86phiK","FlowID":"FL_7","Autofill":[]},{"Type":"Standard","ID":"BL_8AiH9Sjx40TLLJc","FlowID":"FL_6","Autofill":[]},{"Type":"Standard","ID":"BL_3WyWUq6dwJptDNA","FlowID":"FL_9","Autofill":[]}]}],"Properties":{"Count":15,"RemovedFieldsets":[]}}},{"SurveyID":"SV_9RbBbPBpZZdkdUi","Element":"RS","PrimaryAttribute":"RS_cFMFkcNzOnItwzQ","SecondaryAttribute":null,"TertiaryAttribute":null,"Payload":null},{"SurveyID":"SV_9RbBbPBpZZdkdUi","Element":"SO","PrimaryAttribute":"Survey Options","SecondaryAttribute":null,"TertiaryAttribute":null,"Payload":{"BackButton":"false","SaveAndContinue":"true","SurveyProtection":"PublicSurvey","BallotBoxStuffingPrevention":"false","NoIndex":"Yes","SecureResponseFiles":"true","SurveyExpiration":"None","SurveyTermination":"DefaultMessage","Header":"","Footer":"","ProgressBarDisplay":"None","PartialData":"+1 week","ValidationMessage":"","PreviousButton":"","NextButton":"","SurveyTitle":"Qualtrics Survey | Qualtrics Experience Management","SkinLibrary":"fox","SkinType":"MQ","Skin":"skin1","NewScoring":1}},{"SurveyID":"SV_9RbBbPBpZZdkdUi","Element":"SCO","PrimaryAttribute":"Scoring","SecondaryAttribute":null,"TertiaryAttribute":null,"Payload":{"ScoringCategories":[],"ScoringCategoryGroups":[],"ScoringSummaryCategory":null,"ScoringSummaryAfterQuestions":0,"ScoringSummaryAfterSurvey":0,"DefaultScoringCategory":null,"AutoScoringCategory":null}},{"SurveyID":"SV_9RbBbPBpZZdkdUi","Element":"PROJ","PrimaryAttribute":"CORE","SecondaryAttribute":null,"TertiaryAttribute":"1.1.0","Payload":{"ProjectCategory":"CORE","SchemaVersion":"1.1.0"}},{"SurveyID":"SV_9RbBbPBpZZdkdUi","Element":"STAT","PrimaryAttribute":"Survey Statistics","SecondaryAttribute":null,"TertiaryAttribute":null,"Payload":{"MobileCompatible":false,"ID":"Survey Statistics"}},{"SurveyID":"SV_9RbBbPBpZZdkdUi","Element":"QC","PrimaryAttribute":"Survey Question Count","SecondaryAttribute":"7","TertiaryAttribute":null,"Payload":null},{"SurveyID":"SV_9RbBbPBpZZdkdUi","Element":"SQ","PrimaryAttribute":"QID1","SecondaryAttribute":"How happy does this image make you feel?","TertiaryAttribute":null,"Payload":{"QuestionText":"How happy does this image make you feel?<br \/>\n<br \/>\n<img height=\"640\" src=\"https:\/\/fox.az1.qualtrics.com\/CP\/Graphic.php?IM=IM_2bsdli3WqXa1VWZ\" style=\"width: 640px; height: 640px;\" width=\"640\" \/>","DataExportTag":"Q1","QuestionType":"MC","Selector":"SAHR","SubSelector":"TX","Configuration":{"QuestionDescriptionOption":"UseText","Autoscale":{"YScale":{"Name":"happyUnhappy","Type":"likert","Reverse":false}},"LabelPosition":"BELOW"},"QuestionDescription":"How happy does this image make you feel?","Choices":{"1":{"Display":"Extremely unhappy"},"2":{"Display":"Somewhat unhappy"},"3":{"Display":"Neither happy nor unhappy"},"4":{"Display":"Somewhat happy"},"5":{"Display":"Extremely happy"}},"ChoiceOrder":["1","2","3","4","5"],"Validation":{"Settings":{"ForceResponse":"ON","ForceResponseType":"ON","Type":"None"}},"Language":[],"NextChoiceId":6,"NextAnswerId":1,"QuestionID":"QID1","DataVisibility":{"Private":false,"Hidden":false},"RecodeValues":{"1":"1","2":"2","3":"3","4":"4","5":"5"},"QuestionJS":false}},{"SurveyID":"SV_9RbBbPBpZZdkdUi","Element":"SQ","PrimaryAttribute":"QID2","SecondaryAttribute":"How happy does this image make you feel?","TertiaryAttribute":null,"Payload":{"QuestionText":"How happy does this image make you feel?<br \/>\n<br \/>\n<img src=\"https:\/\/fox.az1.qualtrics.com\/CP\/Graphic.php?IM=IM_0chvlUK6mk7gbMF\" style=\"width: 500px; height: 500px;\" \/>","QuestionType":"MC","Selector":"SAHR","SubSelector":"TX","Configuration":{"QuestionDescriptionOption":"UseText","Autoscale":{"YScale":{"Name":"happyUnhappy","Type":"likert","Reverse":false}},"LabelPosition":"BELOW"},"QuestionDescription":"How happy does this image make you feel?","Choices":{"1":{"Display":"Extremely unhappy"},"2":{"Display":"Somewhat unhappy"},"3":{"Display":"Neither happy nor unhappy"},"4":{"Display":"Somewhat happy"},"5":{"Display":"Extremely happy"}},"ChoiceOrder":["1","2","3","4","5"],"Validation":{"Settings":{"ForceResponse":"ON","ForceResponseType":"ON","Type":"None"}},"Language":[],"NextChoiceId":6,"NextAnswerId":1,"DataVisibility":{"Private":false,"Hidden":false},"RecodeValues":{"1":"1","2":"2","3":"3","4":"4","5":"5"},"QuestionText_Unsafe":"How happy does this image make you feel?<br \/>\n<br \/>\n<img height=\"640\" src=\"https:\/\/fox.az1.qualtrics.com\/CP\/Graphic.php?IM=IM_2bsdli3WqXa1VWZ\" style=\"width: 640px; height: 640px;\" width=\"640\" \/>","DataExportTag":"Q2","QuestionID":"QID2"}},{"SurveyID":"SV_9RbBbPBpZZdkdUi","Element":"SQ","PrimaryAttribute":"QID3","SecondaryAttribute":"How happy does this image make you feel?","TertiaryAttribute":null,"Payload":{"QuestionText":"How happy does this image make you feel?<br \/>\n<br \/>\n<img src=\"https:\/\/fox.az1.qualtrics.com\/CP\/Graphic.php?IM=IM_cHDhfmmdyfjwg1n\" style=\"width: 499px; height: 602px;\" \/>","QuestionType":"MC","Selector":"SAHR","SubSelector":"TX","Configuration":{"QuestionDescriptionOption":"UseText","Autoscale":{"YScale":{"Name":"happyUnhappy","Type":"likert","Reverse":false}},"LabelPosition":"BELOW"},"QuestionDescription":"How happy does this image make you feel?","Choices":{"1":{"Display":"Extremely unhappy"},"2":{"Display":"Somewhat unhappy"},"3":{"Display":"Neither happy nor unhappy"},"4":{"Display":"Somewhat happy"},"5":{"Display":"Extremely happy"}},"ChoiceOrder":["1","2","3","4","5"],"Validation":{"Settings":{"ForceResponse":"ON","ForceResponseType":"ON","Type":"None"}},"Language":[],"NextChoiceId":6,"NextAnswerId":1,"DataVisibility":{"Private":false,"Hidden":false},"RecodeValues":{"1":"1","2":"2","3":"3","4":"4","5":"5"},"QuestionText_Unsafe":"How happy does this image make you feel?<br \/>\n<br \/>\n<img height=\"480\" src=\"https:\/\/fox.az1.qualtrics.com\/CP\/Graphic.php?IM=IM_86oFeXcpMLCHSL3\" style=\"width: 640px; height: 480px;\" width=\"640\" \/>","DataExportTag":"Q3","QuestionID":"QID3"}},{"SurveyID":"SV_9RbBbPBpZZdkdUi","Element":"SQ","PrimaryAttribute":"QID5","SecondaryAttribute":"How happy does this image make you feel?","TertiaryAttribute":null,"Payload":{"QuestionText":"How happy does this image make you feel?<br \/>\n<br \/>\n<img height=\"600\" src=\"https:\/\/fox.az1.qualtrics.com\/CP\/Graphic.php?IM=IM_d7uintaOMf8ynJj\" style=\"width: 600px; height: 600px;\" width=\"600\" \/>","QuestionType":"MC","Selector":"SAHR","SubSelector":"TX","Configuration":{"QuestionDescriptionOption":"UseText","Autoscale":{"YScale":{"Name":"happyUnhappy","Type":"likert","Reverse":false}},"LabelPosition":"BELOW"},"QuestionDescription":"How happy does this image make you feel?","Choices":{"1":{"Display":"Extremely unhappy"},"2":{"Display":"Somewhat unhappy"},"3":{"Display":"Neither happy nor unhappy"},"4":{"Display":"Somewhat happy"},"5":{"Display":"Extremely happy"}},"ChoiceOrder":["1","2","3","4","5"],"Validation":{"Settings":{"ForceResponse":"ON","ForceResponseType":"ON","Type":"None"}},"Language":[],"NextChoiceId":6,"NextAnswerId":1,"DataVisibility":{"Private":false,"Hidden":false},"RecodeValues":{"1":"1","2":"2","3":"3","4":"4","5":"5"},"QuestionText_Unsafe":"How happy does this image make you feel?<br \/>\n<br \/>\n<img src=\"https:\/\/fox.az1.qualtrics.com\/CP\/Graphic.php?IM=IM_cHDhfmmdyfjwg1n\" style=\"width: 499px; height: 602px;\" \/>","DataExportTag":"Q5","QuestionID":"QID5"}},{"SurveyID":"SV_9RbBbPBpZZdkdUi","Element":"SQ","PrimaryAttribute":"QID6","SecondaryAttribute":"How happy does this image make you feel? \u00a0","TertiaryAttribute":null,"Payload":{"QuestionText":"How happy does this image make you feel?<br \/>\n<br \/>\n&nbsp;<img height=\"347\" src=\"https:\/\/fox.az1.qualtrics.com\/CP\/Graphic.php?IM=IM_0OQ9DhY3JflQB7f\" style=\"width: 600px; height: 347px;\" width=\"600\" \/>","DefaultChoices":false,"DataExportTag":"Q6","QuestionID":"QID6","QuestionType":"MC","Selector":"SAHR","SubSelector":"TX","Configuration":{"QuestionDescriptionOption":"UseText","Autoscale":{"YScale":{"Name":"happyUnhappy","Type":"likert","Reverse":false}},"LabelPosition":"BELOW"},"QuestionDescription":"How happy does this image make you feel? \u00a0","Choices":{"4":{"Display":"Extremely unhappy"},"5":{"Display":"Somewhat unhappy"},"6":{"Display":"Neither happy nor unhappy"},"7":{"Display":"Somewhat happy"},"8":{"Display":"Extremely happy"}},"ChoiceOrder":["4","5","6","7","8"],"Validation":{"Settings":{"ForceResponse":"OFF","Type":"None"}},"GradingData":[],"Language":[],"NextChoiceId":9,"NextAnswerId":1,"RecodeValues":{"4":"1","5":"2","6":"3","7":"4","8":"5"}}},{"SurveyID":"SV_9RbBbPBpZZdkdUi","Element":"SQ","PrimaryAttribute":"QID7","SecondaryAttribute":"How happy does this image make you feel? \u00a0","TertiaryAttribute":null,"Payload":{"QuestionText":"How happy does this image make you feel?<br \/>\n<br \/>\n&nbsp; <img height=\"450\" src=\"https:\/\/fox.az1.qualtrics.com\/CP\/Graphic.php?IM=IM_3E0NChremWrBTGl\" style=\"width: 600px; height: 450px;\" width=\"600\" \/>","DefaultChoices":false,"QuestionType":"MC","Selector":"SAHR","SubSelector":"TX","Configuration":{"QuestionDescriptionOption":"UseText","Autoscale":{"YScale":{"Name":"happyUnhappy","Type":"likert","Reverse":false}},"LabelPosition":"BELOW"},"QuestionDescription":"How happy does this image make you feel? \u00a0","Choices":{"4":{"Display":"Extremely unhappy"},"5":{"Display":"Somewhat unhappy"},"6":{"Display":"Neither happy nor unhappy"},"7":{"Display":"Somewhat happy"},"8":{"Display":"Extremely happy"}},"ChoiceOrder":["4","5","6","7","8"],"Validation":{"Settings":{"ForceResponse":"OFF","Type":"None"}},"GradingData":[],"Language":[],"NextChoiceId":9,"NextAnswerId":1,"RecodeValues":{"4":"1","5":"2","6":"3","7":"4","8":"5"},"QuestionText_Unsafe":"How happy does this image make you feel?<br \/>\n<br \/>\n&nbsp;<img height=\"347\" src=\"https:\/\/fox.az1.qualtrics.com\/CP\/Graphic.php?IM=IM_0OQ9DhY3JflQB7f\" style=\"width: 600px; height: 347px;\" width=\"600\" \/>","DataExportTag":"Q7","QuestionID":"QID7","DataVisibility":{"Private":false,"Hidden":false}}},{"SurveyID":"SV_9RbBbPBpZZdkdUi","Element":"SQ","PrimaryAttribute":"QID4","SecondaryAttribute":"Seeing happy animals makes us feel happier in response to happy stimuli. i.e. I will report being...","TertiaryAttribute":null,"Payload":{"QuestionText":"Seeing happy animals makes us feel happier in response to happy stimuli.<br><br>i.e. I will report being happier after seeing a happy picture if I saw the happy picture after seeing a happy animal ( rather than a happy human).<br>","DefaultChoices":false,"DataExportTag":"Q4","QuestionType":"DB","Selector":"TB","Configuration":{"QuestionDescriptionOption":"UseText"},"QuestionDescription":"Seeing happy animals makes us feel happier in response to happy stimuli. i.e. I will report being...","ChoiceOrder":["4","5","6","7","8"],"Validation":{"Settings":{"Type":"None"}},"GradingData":[],"Language":[],"NextChoiceId":9,"NextAnswerId":1,"QuestionID":"QID4"}}]}